{
  "requires": true,
  "lockfileVersion": 1,
  "dependencies": {
    "@types/node": {
      "version": "14.11.11",
      "resolved": "https://registry.npmjs.org/@types/node/-/node-14.11.11.tgz",
      "integrity": "sha512-UcaAZrL8uO5GNS+NLxkYg1RiOMgdLxCXGqs+TTupltXN8rTvUEKTOpqCV3tlcAIZJXzcBQajzmjdrvuPvnuMUw=="
    }
  }
}
